
Microsoft Visual Studio Solution File, Format Version 12.00
# Visual Studio Version 16
VisualStudioVersion = 16.0.30611.23
MinimumVisualStudioVersion = 10.0.40219.1
Project("{FAE04EC0-301F-11D3-BF4B-00C04F79EFBC}") = "University", "UniversityDatabaseWithAdo\University.csproj", "{E2943EBD-2C46-45BF-A958-877343031503}"
EndProject
Project("{FAE04EC0-301F-11D3-BF4B-00C04F79EFBC}") = "DAOLib", "DAOLib\DAOLib.csproj", "{B05DFA19-FD5D-48AA-BC22-92E630E68D6B}"
EndProject
Project("{FAE04EC0-301F-11D3-BF4B-00C04F79EFBC}") = "DaoLibTests", "DaoLibTests\DaoLibTests.csproj", "{C46C6130-77B5-41F1-B9C5-4F224F95704C}"
EndProject
Project("{FAE04EC0-301F-11D3-BF4B-00C04F79EFBC}") = "CommonInfoXlsxFileManager", "InteractionOfTheDatabaseAndTheUniversity\CommonInfoXlsxFileManager.csproj", "{7B52B6AD-1FC2-4527-A617-F4C2DE52F6F4}"
EndProject
Project("{FAE04EC0-301F-11D3-BF4B-00C04F79EFBC}") = "UserLayerTests", "InteractionOfTbeDataBaseAndTheUniversityTest\UserLayerTests.csproj", "{B2F277A9-E188-48AF-9D32-58FB6DE9E3EC}"
EndProject
Project("{2150E333-8FDC-42A3-9474-1A3956D46DE8}") = "BussinessLayer", "BussinessLayer", "{F840EFF0-B242-4806-A521-BC806B13B1D3}"
EndProject
Project("{2150E333-8FDC-42A3-9474-1A3956D46DE8}") = "DaoLayer", "DaoLayer", "{AEF259BA-1928-403B-BA66-4BC18CD379DD}"
EndProject
Project("{2150E333-8FDC-42A3-9474-1A3956D46DE8}") = "UserLayer", "UserLayer", "{23DEFAFB-C583-4EF3-ACBE-D27933A0D539}"
EndProject
Project("{FAE04EC0-301F-11D3-BF4B-00C04F79EFBC}") = "InterectionWithDaoLeyer", "InterectionWithDaoLeyer\InterectionWithDaoLeyer.csproj", "{BEE124BC-E461-4505-955D-D1604343F626}"
EndProject
Project("{FAE04EC0-301F-11D3-BF4B-00C04F79EFBC}") = "BussinesLayerTests", "BussinesLayerTests\BussinesLayerTests.csproj", "{03139617-512B-41B9-9E4B-FE807ACE98E3}"
EndProject
Global
	GlobalSection(SolutionConfigurationPlatforms) = preSolution
		Debug|Any CPU = Debug|Any CPU
		Release|Any CPU = Release|Any CPU
	EndGlobalSection
	GlobalSection(ProjectConfigurationPlatforms) = postSolution
		{E2943EBD-2C46-45BF-A958-877343031503}.Debug|Any CPU.ActiveCfg = Debug|Any CPU
		{E2943EBD-2C46-45BF-A958-877343031503}.Debug|Any CPU.Build.0 = Debug|Any CPU
		{E2943EBD-2C46-45BF-A958-877343031503}.Release|Any CPU.ActiveCfg = Release|Any CPU
		{E2943EBD-2C46-45BF-A958-877343031503}.Release|Any CPU.Build.0 = Release|Any CPU
		{B05DFA19-FD5D-48AA-BC22-92E630E68D6B}.Debug|Any CPU.ActiveCfg = Debug|Any CPU
		{B05DFA19-FD5D-48AA-BC22-92E630E68D6B}.Debug|Any CPU.Build.0 = Debug|Any CPU
		{B05DFA19-FD5D-48AA-BC22-92E630E68D6B}.Release|Any CPU.ActiveCfg = Release|Any CPU
		{B05DFA19-FD5D-48AA-BC22-92E630E68D6B}.Release|Any CPU.Build.0 = Release|Any CPU
		{C46C6130-77B5-41F1-B9C5-4F224F95704C}.Debug|Any CPU.ActiveCfg = Debug|Any CPU
		{C46C6130-77B5-41F1-B9C5-4F224F95704C}.Debug|Any CPU.Build.0 = Debug|Any CPU
		{C46C6130-77B5-41F1-B9C5-4F224F95704C}.Release|Any CPU.ActiveCfg = Release|Any CPU
		{C46C6130-77B5-41F1-B9C5-4F224F95704C}.Release|Any CPU.Build.0 = Release|Any CPU
		{7B52B6AD-1FC2-4527-A617-F4C2DE52F6F4}.Debug|Any CPU.ActiveCfg = Debug|Any CPU
		{7B52B6AD-1FC2-4527-A617-F4C2DE52F6F4}.Debug|Any CPU.Build.0 = Debug|Any CPU
		{7B52B6AD-1FC2-4527-A617-F4C2DE52F6F4}.Release|Any CPU.ActiveCfg = Release|Any CPU
		{7B52B6AD-1FC2-4527-A617-F4C2DE52F6F4}.Release|Any CPU.Build.0 = Release|Any CPU
		{B2F277A9-E188-48AF-9D32-58FB6DE9E3EC}.Debug|Any CPU.ActiveCfg = Debug|Any CPU
		{B2F277A9-E188-48AF-9D32-58FB6DE9E3EC}.Debug|Any CPU.Build.0 = Debug|Any CPU
		{B2F277A9-E188-48AF-9D32-58FB6DE9E3EC}.Release|Any CPU.ActiveCfg = Release|Any CPU
		{B2F277A9-E188-48AF-9D32-58FB6DE9E3EC}.Release|Any CPU.Build.0 = Release|Any CPU
		{BEE124BC-E461-4505-955D-D1604343F626}.Debug|Any CPU.ActiveCfg = Debug|Any CPU
		{BEE124BC-E461-4505-955D-D1604343F626}.Debug|Any CPU.Build.0 = Debug|Any CPU
		{BEE124BC-E461-4505-955D-D1604343F626}.Release|Any CPU.ActiveCfg = Release|Any CPU
		{BEE124BC-E461-4505-955D-D1604343F626}.Release|Any CPU.Build.0 = Release|Any CPU
		{03139617-512B-41B9-9E4B-FE807ACE98E3}.Debug|Any CPU.ActiveCfg = Debug|Any CPU
		{03139617-512B-41B9-9E4B-FE807ACE98E3}.Debug|Any CPU.Build.0 = Debug|Any CPU
		{03139617-512B-41B9-9E4B-FE807ACE98E3}.Release|Any CPU.ActiveCfg = Release|Any CPU
		{03139617-512B-41B9-9E4B-FE807ACE98E3}.Release|Any CPU.Build.0 = Release|Any CPU
	EndGlobalSection
	GlobalSection(SolutionProperties) = preSolution
		HideSolutionNode = FALSE
	EndGlobalSection
	GlobalSection(NestedProjects) = preSolution
		{E2943EBD-2C46-45BF-A958-877343031503} = {F840EFF0-B242-4806-A521-BC806B13B1D3}
		{B05DFA19-FD5D-48AA-BC22-92E630E68D6B} = {AEF259BA-1928-403B-BA66-4BC18CD379DD}
		{7B52B6AD-1FC2-4527-A617-F4C2DE52F6F4} = {23DEFAFB-C583-4EF3-ACBE-D27933A0D539}
		{BEE124BC-E461-4505-955D-D1604343F626} = {F840EFF0-B242-4806-A521-BC806B13B1D3}
	EndGlobalSection
	GlobalSection(ExtensibilityGlobals) = postSolution
		SolutionGuid = {5E14CC48-7C48-43DE-83A7-95A6233AEB36}
	EndGlobalSection
EndGlobal
